# This file is automatically @generated by Cargo.
# It is not intended for manual editing.
version = 3

[[package]]
name = "adler"
version = "1.0.2"
source = "registry+https://github.com/rust-lang/crates.io-index"
checksum = "f26201604c87b1e01bd3d98f8d5d9a8fcbb815e8cedb41ffccbeb4bf593a35fe"

[[package]]
name = "ahash"
version = "0.8.3"
source = "registry+https://github.com/rust-lang/crates.io-index"
checksum = "2c99f64d1e06488f620f932677e24bc6e2897582980441ae90a671415bd7ec2f"
dependencies = [
 "cfg-if",
 "getrandom",
 "once_cell",
 "version_check",
]

[[package]]
name = "aho-corasick"
version = "1.1.1"
source = "registry+https://github.com/rust-lang/crates.io-index"
checksum = "ea5d730647d4fadd988536d06fecce94b7b4f2a7efdae548f1cf4b63205518ab"
dependencies = [
 "memchr",
]

[[package]]
name = "arc-swap"
version = "1.6.0"
source = "registry+https://github.com/rust-lang/crates.io-index"
checksum = "bddcadddf5e9015d310179a59bb28c4d4b9920ad0f11e8e14dbadf654890c9a6"

[[package]]
name = "arrayvec"
version = "0.7.4"
source = "registry+https://github.com/rust-lang/crates.io-index"
checksum = "96d30a06541fbafbc7f82ed10c06164cfbd2c401138f6addd8404629c4b16711"

[[package]]
name = "autocfg"
version = "1.1.0"
source = "registry+https://github.com/rust-lang/crates.io-index"
checksum = "d468802bab17cbc0cc575e9b053f41e72aa36bfa6b7f55e3529ffa43161b97fa"

[[package]]
name = "bitflags"
version = "1.3.2"
source = "registry+https://github.com/rust-lang/crates.io-index"
checksum = "bef38d45163c2f1dde094a7dfd33ccf595c92905c8f8f4fdc18d06fb1037718a"

[[package]]
name = "bitflags"
version = "2.4.0"
source = "registry+https://github.com/rust-lang/crates.io-index"
checksum = "b4682ae6287fcf752ecaabbfcc7b6f9b72aa33933dc23a554d853aea8eea8635"

[[package]]
name = "blazingly-fast-graph"
version = "0.1.0"
dependencies = [
 "gix",
]

[[package]]
name = "bstr"
version = "1.6.2"
source = "registry+https://github.com/rust-lang/crates.io-index"
checksum = "4c2f7349907b712260e64b0afe2f84692af14a454be26187d9df565c7f69266a"
dependencies = [
 "memchr",
 "regex-automata",
 "serde",
]

[[package]]
name = "btoi"
version = "0.4.3"
source = "registry+https://github.com/rust-lang/crates.io-index"
checksum = "9dd6407f73a9b8b6162d8a2ef999fe6afd7cc15902ebf42c5cd296addf17e0ad"
dependencies = [
 "num-traits",
]

[[package]]
name = "bytes"
version = "1.5.0"
source = "registry+https://github.com/rust-lang/crates.io-index"
checksum = "a2bd12c1caf447e69cd4528f47f94d203fd2582878ecb9e9465484c4148a8223"

[[package]]
name = "bytesize"
version = "1.3.0"
source = "registry+https://github.com/rust-lang/crates.io-index"
checksum = "a3e368af43e418a04d52505cf3dbc23dda4e3407ae2fa99fd0e4f308ce546acc"

[[package]]
name = "byteyarn"
version = "0.2.3"
source = "registry+https://github.com/rust-lang/crates.io-index"
checksum = "a7534301c0ea17abb4db06d75efc7b4b0fa360fce8e175a4330d721c71c942ff"

[[package]]
name = "cc"
version = "1.0.83"
source = "registry+https://github.com/rust-lang/crates.io-index"
checksum = "f1174fb0b6ec23863f8b971027804a42614e347eafb0a95bf0b12cdae21fc4d0"
dependencies = [
 "libc",
]

[[package]]
name = "cfg-if"
version = "1.0.0"
source = "registry+https://github.com/rust-lang/crates.io-index"
checksum = "baf1de4339761588bc0619e3cbc0120ee582ebb74b53b4efbf79117bd2da40fd"

[[package]]
name = "clru"
version = "0.6.1"
source = "registry+https://github.com/rust-lang/crates.io-index"
checksum = "b8191fa7302e03607ff0e237d4246cc043ff5b3cb9409d995172ba3bea16b807"

[[package]]
name = "crc32fast"
version = "1.3.2"
source = "registry+https://github.com/rust-lang/crates.io-index"
checksum = "b540bd8bc810d3885c6ea91e2018302f68baba2129ab3e88f32389ee9370880d"
dependencies = [
 "cfg-if",
]

[[package]]
name = "crossbeam"
version = "0.8.2"
source = "registry+https://github.com/rust-lang/crates.io-index"
checksum = "2801af0d36612ae591caa9568261fddce32ce6e08a7275ea334a06a4ad021a2c"
dependencies = [
 "cfg-if",
 "crossbeam-channel",
 "crossbeam-deque",
 "crossbeam-epoch",
 "crossbeam-queue",
 "crossbeam-utils",
]

[[package]]
name = "crossbeam-channel"
version = "0.5.8"
source = "registry+https://github.com/rust-lang/crates.io-index"
checksum = "a33c2bf77f2df06183c3aa30d1e96c0695a313d4f9c453cc3762a6db39f99200"
dependencies = [
 "cfg-if",
 "crossbeam-utils",
]

[[package]]
name = "crossbeam-deque"
version = "0.8.3"
source = "registry+https://github.com/rust-lang/crates.io-index"
checksum = "ce6fd6f855243022dcecf8702fef0c297d4338e226845fe067f6341ad9fa0cef"
dependencies = [
 "cfg-if",
 "crossbeam-epoch",
 "crossbeam-utils",
]

[[package]]
name = "crossbeam-epoch"
version = "0.9.15"
source = "registry+https://github.com/rust-lang/crates.io-index"
checksum = "ae211234986c545741a7dc064309f67ee1e5ad243d0e48335adc0484d960bcc7"
dependencies = [
 "autocfg",
 "cfg-if",
 "crossbeam-utils",
 "memoffset",
 "scopeguard",
]

[[package]]
name = "crossbeam-queue"
version = "0.3.8"
source = "registry+https://github.com/rust-lang/crates.io-index"
checksum = "d1cfb3ea8a53f37c40dea2c7bedcbd88bdfae54f5e2175d6ecaff1c988353add"
dependencies = [
 "cfg-if",
 "crossbeam-utils",
]

[[package]]
name = "crossbeam-utils"
version = "0.8.16"
source = "registry+https://github.com/rust-lang/crates.io-index"
checksum = "5a22b2d63d4d1dc0b7f1b6b2747dd0088008a9be28b6ddf0b1e7d335e3037294"
dependencies = [
 "cfg-if",
]

[[package]]
name = "deranged"
version = "0.3.8"
source = "registry+https://github.com/rust-lang/crates.io-index"
checksum = "f2696e8a945f658fd14dc3b87242e6b80cd0f36ff04ea560fa39082368847946"

[[package]]
name = "dunce"
version = "1.0.4"
source = "registry+https://github.com/rust-lang/crates.io-index"
checksum = "56ce8c6da7551ec6c462cbaf3bfbc75131ebbfa1c944aeaa9dab51ca1c5f0c3b"

[[package]]
name = "either"
version = "1.9.0"
source = "registry+https://github.com/rust-lang/crates.io-index"
checksum = "a26ae43d7bcc3b814de94796a5e736d4029efb0ee900c12e2d54c993ad1a1e07"

[[package]]
name = "encoding_rs"
version = "0.8.33"
source = "registry+https://github.com/rust-lang/crates.io-index"
checksum = "7268b386296a025e474d5140678f75d6de9493ae55a5d709eeb9dd08149945e1"
dependencies = [
 "cfg-if",
]

[[package]]
name = "errno"
version = "0.3.3"
source = "registry+https://github.com/rust-lang/crates.io-index"
checksum = "136526188508e25c6fef639d7927dfb3e0e3084488bf202267829cf7fc23dbdd"
dependencies = [
 "errno-dragonfly",
 "libc",
 "windows-sys",
]

[[package]]
name = "errno-dragonfly"
version = "0.1.2"
source = "registry+https://github.com/rust-lang/crates.io-index"
checksum = "aa68f1b12764fab894d2755d2518754e71b4fd80ecfb822714a1206c2aab39bf"
dependencies = [
 "cc",
 "libc",
]

[[package]]
name = "faster-hex"
version = "0.8.1"
source = "registry+https://github.com/rust-lang/crates.io-index"
checksum = "239f7bfb930f820ab16a9cd95afc26f88264cf6905c960b340a615384aa3338a"
dependencies = [
 "serde",
]

[[package]]
name = "fastrand"
version = "2.0.1"
source = "registry+https://github.com/rust-lang/crates.io-index"
checksum = "25cbce373ec4653f1a01a31e8a5e5ec0c622dc27ff9c4e6606eefef5cbbed4a5"

[[package]]
name = "filetime"
version = "0.2.22"
source = "registry+https://github.com/rust-lang/crates.io-index"
checksum = "d4029edd3e734da6fe05b6cd7bd2960760a616bd2ddd0d59a0124746d6272af0"
dependencies = [
 "cfg-if",
 "libc",
 "redox_syscall",
 "windows-sys",
]

[[package]]
name = "flate2"
version = "1.0.27"
source = "registry+https://github.com/rust-lang/crates.io-index"
checksum = "c6c98ee8095e9d1dcbf2fcc6d95acccb90d1c81db1e44725c6a984b1dbdfb010"
dependencies = [
 "crc32fast",
 "miniz_oxide",
]

[[package]]
name = "form_urlencoded"
version = "1.2.0"
source = "registry+https://github.com/rust-lang/crates.io-index"
checksum = "a62bc1cf6f830c2ec14a513a9fb124d0a213a629668a4186f329db21fe045652"
dependencies = [
 "percent-encoding",
]

[[package]]
name = "getrandom"
version = "0.2.10"
source = "registry+https://github.com/rust-lang/crates.io-index"
checksum = "be4136b2a15dd319360be1c07d9933517ccf0be8f16bf62a3bee4f0d618df427"
dependencies = [
 "cfg-if",
 "libc",
 "wasi",
]

[[package]]
name = "gix"
version = "0.54.1"
source = "registry+https://github.com/rust-lang/crates.io-index"
checksum = "ad6d32e74454459690d57d18ea4ebec1629936e6b130b51d12cb4a81630ac953"
dependencies = [
 "gix-actor",
 "gix-archive",
 "gix-attributes",
 "gix-commitgraph",
 "gix-config",
 "gix-credentials",
 "gix-date",
 "gix-diff",
 "gix-discover",
 "gix-features",
 "gix-filter",
 "gix-fs",
 "gix-glob",
 "gix-hash",
 "gix-hashtable",
 "gix-ignore",
 "gix-index",
 "gix-lock",
 "gix-macros",
 "gix-mailmap",
 "gix-negotiate",
 "gix-object",
 "gix-odb",
 "gix-pack",
 "gix-path",
 "gix-pathspec",
 "gix-prompt",
 "gix-ref",
 "gix-refspec",
 "gix-revision",
 "gix-revwalk",
 "gix-sec",
 "gix-status",
 "gix-submodule",
 "gix-tempfile",
 "gix-trace",
 "gix-traverse",
 "gix-url",
 "gix-utils",
 "gix-validate",
 "gix-worktree",
 "gix-worktree-state",
 "gix-worktree-stream",
 "once_cell",
 "parking_lot",
 "regex",
 "signal-hook",
 "smallvec",
 "thiserror",
 "unicode-normalization",
]

[[package]]
name = "gix-actor"
version = "0.27.0"
source = "registry+https://github.com/rust-lang/crates.io-index"
checksum = "08c60e982c5290897122d4e2622447f014a2dadd5a18cb73d50bb91b31645e27"
dependencies = [
 "bstr",
 "btoi",
 "gix-date",
 "itoa",
 "thiserror",
 "winnow",
]

[[package]]
name = "gix-archive"
version = "0.5.0"
source = "registry+https://github.com/rust-lang/crates.io-index"
checksum = "ab71635f7fb38ad4cc7da7e98af79e3010e35b05de5cb6eb79b2da68ab93eac7"
dependencies = [
 "bstr",
 "gix-date",
 "gix-object",
 "gix-worktree-stream",
 "thiserror",
]

[[package]]
name = "gix-attributes"
version = "0.19.0"
source = "registry+https://github.com/rust-lang/crates.io-index"
checksum = "2451665e70709ba4753b623ef97511ee98c4a73816b2c5b5df25678d607ed820"
dependencies = [
 "bstr",
 "byteyarn",
 "gix-glob",
 "gix-path",
 "gix-quote",
 "gix-trace",
 "smallvec",
 "thiserror",
 "unicode-bom",
]

[[package]]
name = "gix-bitmap"
version = "0.2.7"
source = "registry+https://github.com/rust-lang/crates.io-index"
checksum = "0ccab4bc576844ddb51b78d81b4a42d73e6229660fa614dfc3d3999c874d1959"
dependencies = [
 "thiserror",
]

[[package]]
name = "gix-chunk"
version = "0.4.4"
source = "registry+https://github.com/rust-lang/crates.io-index"
checksum = "5b42ea64420f7994000130328f3c7a2038f639120518870436d31b8bde704493"
dependencies = [
 "thiserror",
]

[[package]]
name = "gix-command"
version = "0.2.9"
source = "registry+https://github.com/rust-lang/crates.io-index"
checksum = "0f28f654184b5f725c5737c7e4f466cbd8f0102ac352d5257eeab19647ee4256"
dependencies = [
 "bstr",
]

[[package]]
name = "gix-commitgraph"
version = "0.21.0"
source = "registry+https://github.com/rust-lang/crates.io-index"
checksum = "e75a975ee22cf0a002bfe9b5d5cb3d2a88e263a8a178cd7509133cff10f4df8a"
dependencies = [
 "bstr",
 "gix-chunk",
 "gix-features",
 "gix-hash",
 "memmap2",
 "thiserror",
]

[[package]]
name = "gix-config"
version = "0.30.0"
source = "registry+https://github.com/rust-lang/crates.io-index"
checksum = "c171514b40487d3f677ae37efc0f45ac980e3169f23c27eb30a70b47fdf88ab5"
dependencies = [
 "bstr",
 "gix-config-value",
 "gix-features",
 "gix-glob",
 "gix-path",
 "gix-ref",
 "gix-sec",
 "memchr",
 "once_cell",
 "smallvec",
 "thiserror",
 "unicode-bom",
 "winnow",
]

[[package]]
name = "gix-config-value"
version = "0.14.0"
source = "registry+https://github.com/rust-lang/crates.io-index"
checksum = "ea7505b97f4d8e7933e29735a568ba2f86d8de466669d9f0e8321384f9972f47"
dependencies = [
 "bitflags 2.4.0",
 "bstr",
 "gix-path",
 "libc",
 "thiserror",
]

[[package]]
name = "gix-credentials"
version = "0.20.0"
source = "registry+https://github.com/rust-lang/crates.io-index"
checksum = "46900b884cc5af6a6c141ee741607c0c651a4e1d33614b8d888a1ba81cc0bc8a"
dependencies = [
 "bstr",
 "gix-command",
 "gix-config-value",
 "gix-path",
 "gix-prompt",
 "gix-sec",
 "gix-url",
 "thiserror",
]

[[package]]
name = "gix-date"
version = "0.8.0"
source = "registry+https://github.com/rust-lang/crates.io-index"
checksum = "fc7df669639582dc7c02737642f76890b03b5544e141caba68a7d6b4eb551e0d"
dependencies = [
 "bstr",
 "itoa",
 "thiserror",
 "time",
]

[[package]]
name = "gix-diff"
version = "0.36.0"
source = "registry+https://github.com/rust-lang/crates.io-index"
checksum = "788ddb152c388206e81f36bcbb574e7ed7827c27d8fa62227b34edc333d8928c"
dependencies = [
 "gix-hash",
 "gix-object",
 "imara-diff",
 "thiserror",
]

[[package]]
name = "gix-discover"
version = "0.25.0"
source = "registry+https://github.com/rust-lang/crates.io-index"
checksum = "69507643d75a0ea9a402fcf73ced517d2b95cc95385904ac09d03e0b952fde33"
dependencies = [
 "bstr",
 "dunce",
 "gix-hash",
 "gix-path",
 "gix-ref",
 "gix-sec",
 "thiserror",
]

[[package]]
name = "gix-features"
version = "0.35.0"
source = "registry+https://github.com/rust-lang/crates.io-index"
checksum = "9b9ff423ae4983f762659040d13dd7a5defbd54b6a04ac3cc7347741cec828cd"
dependencies = [
 "bytes",
 "bytesize",
 "crc32fast",
 "crossbeam-channel",
 "flate2",
 "gix-hash",
 "gix-trace",
 "jwalk",
 "libc",
 "once_cell",
 "parking_lot",
 "prodash",
 "sha1_smol",
 "thiserror",
 "walkdir",
]

[[package]]
name = "gix-filter"
version = "0.5.0"
source = "registry+https://github.com/rust-lang/crates.io-index"
checksum = "1be40d28cd41445bb6cd52c4d847d915900e5466f7433eaee6a9e0a3d1d88b08"
dependencies = [
 "bstr",
 "encoding_rs",
 "gix-attributes",
 "gix-command",
 "gix-hash",
 "gix-object",
 "gix-packetline-blocking",
 "gix-path",
 "gix-quote",
 "gix-trace",
 "smallvec",
 "thiserror",
]

[[package]]
name = "gix-fs"
version = "0.7.0"
source = "registry+https://github.com/rust-lang/crates.io-index"
checksum = "09815faba62fe9b32d918b75a554686c98e43f7d48c43a80df58eb718e5c6635"
dependencies = [
 "gix-features",
]

[[package]]
name = "gix-glob"
version = "0.13.0"
source = "registry+https://github.com/rust-lang/crates.io-index"
checksum = "a9d76e85f11251dcf751d2c5e918a14f562db5be6f727fd24775245653e9b19d"
dependencies = [
 "bitflags 2.4.0",
 "bstr",
 "gix-features",
 "gix-path",
]

[[package]]
name = "gix-hash"
version = "0.13.0"
source = "registry+https://github.com/rust-lang/crates.io-index"
checksum = "2ccf425543779cddaa4a7c62aba3fa9d90ea135b160be0a72dd93c063121ad4a"
dependencies = [
 "faster-hex",
 "thiserror",
]

[[package]]
name = "gix-hashtable"
version = "0.4.0"
source = "registry+https://github.com/rust-lang/crates.io-index"
checksum = "409268480841ad008e81c17ca5a293393fbf9f2b6c2f85b8ab9de1f0c5176a16"
dependencies = [
 "gix-hash",
 "hashbrown 0.14.0",
 "parking_lot",
]

[[package]]
name = "gix-ignore"
version = "0.8.0"
source = "registry+https://github.com/rust-lang/crates.io-index"
checksum = "b048f443a1f6b02da4205c34d2e287e3fd45d75e8e2f06cfb216630ea9bff5e3"
dependencies = [
 "bstr",
 "gix-glob",
 "gix-path",
 "unicode-bom",
]

[[package]]
name = "gix-index"
version = "0.25.0"
source = "registry+https://github.com/rust-lang/crates.io-index"
checksum = "f54d63a9d13c13088f41f5a3accbec284e492ac8f4f707fcc307c139622e17b7"
dependencies = [
 "bitflags 2.4.0",
 "bstr",
 "btoi",
 "filetime",
 "gix-bitmap",
 "gix-features",
 "gix-fs",
 "gix-hash",
 "gix-lock",
 "gix-object",
 "gix-traverse",
 "itoa",
 "memmap2",
 "smallvec",
 "thiserror",
]

[[package]]
name = "gix-lock"
version = "10.0.0"
source = "registry+https://github.com/rust-lang/crates.io-index"
checksum = "47fc96fa8b6b6d33555021907c81eb3b27635daecf6e630630bdad44f8feaa95"
dependencies = [
 "gix-tempfile",
 "gix-utils",
 "thiserror",
]

[[package]]
name = "gix-macros"
version = "0.1.0"
source = "registry+https://github.com/rust-lang/crates.io-index"
checksum = "9d8acb5ee668d55f0f2d19a320a3f9ef67a6999ad483e11135abcc2464ed18b6"
dependencies = [
 "proc-macro2",
 "quote",
 "syn",
]

[[package]]
name = "gix-mailmap"
version = "0.19.0"
source = "registry+https://github.com/rust-lang/crates.io-index"
checksum = "40f00fa96e29e066ef208f5d13e0f5f95fa70c3ae4bd4f0234272ed4d708a7db"
dependencies = [
 "bstr",
 "gix-actor",
 "gix-date",
 "thiserror",
]

[[package]]
name = "gix-negotiate"
version = "0.8.0"
source = "registry+https://github.com/rust-lang/crates.io-index"
checksum = "6f1697bf9911c6d1b8d709b9e6ef718cb5ea5821a1b7991520125a8134448004"
dependencies = [
 "bitflags 2.4.0",
 "gix-commitgraph",
 "gix-date",
 "gix-hash",
 "gix-object",
 "gix-revwalk",
 "smallvec",
 "thiserror",
]

[[package]]
name = "gix-object"
version = "0.37.0"
source = "registry+https://github.com/rust-lang/crates.io-index"
checksum = "1e7e19616c67967374137bae83e950e9b518a9ea8a605069bd6716ada357fd6f"
dependencies = [
 "bstr",
 "btoi",
 "gix-actor",
 "gix-date",
 "gix-features",
 "gix-hash",
 "gix-validate",
 "itoa",
 "smallvec",
 "thiserror",
 "winnow",
]

[[package]]
name = "gix-odb"
version = "0.53.0"
source = "registry+https://github.com/rust-lang/crates.io-index"
checksum = "8d6a392c6ba3a2f133cdc63120e9bc7aec81eef763db372c817de31febfe64bf"
dependencies = [
 "arc-swap",
 "gix-date",
 "gix-features",
 "gix-hash",
 "gix-object",
 "gix-pack",
 "gix-path",
 "gix-quote",
 "parking_lot",
 "tempfile",
 "thiserror",
]

[[package]]
name = "gix-pack"
version = "0.43.0"
source = "registry+https://github.com/rust-lang/crates.io-index"
checksum = "7536203a45b31e1bc5694bbf90ba8da1b736c77040dd6a520db369f371eb1ab3"
dependencies = [
 "clru",
 "gix-chunk",
 "gix-features",
 "gix-hash",
 "gix-hashtable",
 "gix-object",
 "gix-path",
 "gix-tempfile",
 "memmap2",
 "parking_lot",
 "smallvec",
 "thiserror",
 "uluru",
]

[[package]]
name = "gix-packetline-blocking"
version = "0.16.6"
source = "registry+https://github.com/rust-lang/crates.io-index"
checksum = "7d8395f7501c84d6a1fe902035fdfd8cd86d89e2dd6be0200ec1a72fd3c92d39"
dependencies = [
 "bstr",
 "faster-hex",
 "thiserror",
]

[[package]]
name = "gix-path"
version = "0.10.0"
source = "registry+https://github.com/rust-lang/crates.io-index"
checksum = "6a1d370115171e3ae03c5c6d4f7d096f2981a40ddccb98dfd704c773530ba73b"
dependencies = [
 "bstr",
 "gix-trace",
 "home",
 "once_cell",
 "thiserror",
]

[[package]]
name = "gix-pathspec"
version = "0.3.0"
source = "registry+https://github.com/rust-lang/crates.io-index"
checksum = "c3e26c9b47c51be73f98d38c84494bd5fb99334c5d6fda14ef5d036d50a9e5fd"
dependencies = [
 "bitflags 2.4.0",
 "bstr",
 "gix-attributes",
 "gix-config-value",
 "gix-glob",
 "gix-path",
 "thiserror",
]

[[package]]
name = "gix-prompt"
version = "0.7.0"
source = "registry+https://github.com/rust-lang/crates.io-index"
checksum = "5c9a913769516f5e9d937afac206fb76428e3d7238e538845842887fda584678"
dependencies = [
 "gix-command",
 "gix-config-value",
 "parking_lot",
 "rustix",
 "thiserror",
]

[[package]]
name = "gix-quote"
version = "0.4.7"
source = "registry+https://github.com/rust-lang/crates.io-index"
checksum = "475c86a97dd0127ba4465fbb239abac9ea10e68301470c9791a6dd5351cdc905"
dependencies = [
 "bstr",
 "btoi",
 "thiserror",
]

[[package]]
name = "gix-ref"
version = "0.37.0"
source = "registry+https://github.com/rust-lang/crates.io-index"
checksum = "22e6b749660b613641769edc1954132eb8071a13c32224891686091bef078de4"
dependencies = [
 "gix-actor",
 "gix-date",
 "gix-features",
 "gix-fs",
 "gix-hash",
 "gix-lock",
 "gix-object",
 "gix-path",
 "gix-tempfile",
 "gix-validate",
 "memmap2",
 "thiserror",
 "winnow",
]

[[package]]
name = "gix-refspec"
version = "0.18.0"
source = "registry+https://github.com/rust-lang/crates.io-index"
checksum = "0895cb7b1e70f3c3bd4550c329e9f5caf2975f97fcd4238e05754e72208ef61e"
dependencies = [
 "bstr",
 "gix-hash",
 "gix-revision",
 "gix-validate",
 "smallvec",
 "thiserror",
]

[[package]]
name = "gix-revision"
version = "0.22.0"
source = "registry+https://github.com/rust-lang/crates.io-index"
checksum = "c8c4b15cf2ab7a35f5bcb3ef146187c8d36df0177e171ca061913cbaaa890e89"
dependencies = [
 "bstr",
 "gix-date",
 "gix-hash",
 "gix-hashtable",
 "gix-object",
 "gix-revwalk",
 "gix-trace",
 "thiserror",
]

[[package]]
name = "gix-revwalk"
version = "0.8.0"
source = "registry+https://github.com/rust-lang/crates.io-index"
checksum = "e9870c6b1032f2084567710c3b2106ac603377f8d25766b8a6b7c33e6e3ca279"
dependencies = [
 "gix-commitgraph",
 "gix-date",
 "gix-hash",
 "gix-hashtable",
 "gix-object",
 "smallvec",
 "thiserror",
]

[[package]]
name = "gix-sec"
version = "0.10.0"
source = "registry+https://github.com/rust-lang/crates.io-index"
checksum = "92b9542ac025a8c02ed5d17b3fc031a111a384e859d0be3532ec4d58c40a0f28"
dependencies = [
 "bitflags 2.4.0",
 "gix-path",
 "libc",
 "windows",
]

[[package]]
name = "gix-status"
version = "0.1.0"
source = "registry+https://github.com/rust-lang/crates.io-index"
checksum = "082801c42ba707f2407b5cce3d99b89cfa84f3794962946dc94cfdc00ae522fa"
dependencies = [
 "bstr",
 "filetime",
 "gix-features",
 "gix-fs",
 "gix-hash",
 "gix-index",
 "gix-object",
 "gix-path",
 "gix-pathspec",
 "thiserror",
]

[[package]]
name = "gix-submodule"
version = "0.4.0"
source = "registry+https://github.com/rust-lang/crates.io-index"
checksum = "dd0150e82e9282d3f2ab2dd57a22f9f6c3447b9d9856e5321ac92d38e3e0e2b7"
dependencies = [
 "bstr",
 "gix-config",
 "gix-path",
 "gix-pathspec",
 "gix-refspec",
 "gix-url",
 "thiserror",
]

[[package]]
name = "gix-tempfile"
version = "10.0.0"
source = "registry+https://github.com/rust-lang/crates.io-index"
checksum = "5ae0978f3e11dc57290ee75ac2477c815bca1ce2fa7ed5dc5f16db067410ac4d"
dependencies = [
 "gix-fs",
 "libc",
 "once_cell",
 "parking_lot",
 "signal-hook",
 "signal-hook-registry",
 "tempfile",
]

[[package]]
name = "gix-trace"
version = "0.1.3"
source = "registry+https://github.com/rust-lang/crates.io-index"
checksum = "96b6d623a1152c3facb79067d6e2ecdae48130030cf27d6eb21109f13bd7b836"

[[package]]
name = "gix-traverse"
version = "0.33.0"
source = "registry+https://github.com/rust-lang/crates.io-index"
checksum = "22ef04ab3643acba289b5cedd25d6f53c0430770b1d689d1d654511e6fb81ba0"
dependencies = [
 "gix-commitgraph",
 "gix-date",
 "gix-hash",
 "gix-hashtable",
 "gix-object",
 "gix-revwalk",
 "smallvec",
 "thiserror",
]

[[package]]
name = "gix-url"
version = "0.24.0"
source = "registry+https://github.com/rust-lang/crates.io-index"
checksum = "6125ecf46e8c68bf7202da6cad239831daebf0247ffbab30210d72f3856e420f"
dependencies = [
 "bstr",
 "gix-features",
 "gix-path",
 "home",
 "thiserror",
 "url",
]

[[package]]
name = "gix-utils"
version = "0.1.5"
source = "registry+https://github.com/rust-lang/crates.io-index"
checksum = "b85d89dc728613e26e0ed952a19583744e7f5240fcd4aa30d6c824ffd8b52f0f"
dependencies = [
 "fastrand",
]

[[package]]
name = "gix-validate"
version = "0.8.0"
source = "registry+https://github.com/rust-lang/crates.io-index"
checksum = "e05cab2b03a45b866156e052aa38619f4ece4adcb2f79978bfc249bc3b21b8c5"
dependencies = [
 "bstr",
 "thiserror",
]

[[package]]
name = "gix-worktree"
version = "0.26.0"
source = "registry+https://github.com/rust-lang/crates.io-index"
checksum = "9f5e32972801bd82d56609e6fc84efc358fa1f11f25c5e83b7807ee2280f14fe"
dependencies = [
 "bstr",
 "gix-attributes",
 "gix-features",
 "gix-fs",
 "gix-glob",
 "gix-hash",
 "gix-ignore",
 "gix-index",
 "gix-object",
 "gix-path",
]

[[package]]
name = "gix-worktree-state"
version = "0.3.0"
source = "registry+https://github.com/rust-lang/crates.io-index"
checksum = "c3aeb06960f2c5ac9e4cdb6b38eb3c2b99d5e525e68285fef21ed17dfbd597ad"
dependencies = [
 "bstr",
 "gix-features",
 "gix-filter",
 "gix-fs",
 "gix-glob",
 "gix-hash",
 "gix-index",
 "gix-object",
 "gix-path",
 "gix-worktree",
 "io-close",
 "thiserror",
]

[[package]]
name = "gix-worktree-stream"
version = "0.5.0"
source = "registry+https://github.com/rust-lang/crates.io-index"
checksum = "c89fe93a12e45cc3ad6ba429a7dd7506b03d7d406374a65ad9998b5cb2627569"
dependencies = [
 "gix-attributes",
 "gix-features",
 "gix-filter",
 "gix-fs",
 "gix-hash",
 "gix-object",
 "gix-path",
 "gix-traverse",
 "parking_lot",
 "thiserror",
]

[[package]]
name = "hashbrown"
version = "0.12.3"
source = "registry+https://github.com/rust-lang/crates.io-index"
checksum = "8a9ee70c43aaf417c914396645a0fa852624801b24ebb7ae78fe8272889ac888"

[[package]]
name = "hashbrown"
version = "0.14.0"
source = "registry+https://github.com/rust-lang/crates.io-index"
checksum = "2c6201b9ff9fd90a5a3bac2e56a830d0caa509576f0e503818ee82c181b3437a"

[[package]]
name = "home"
version = "0.5.5"
source = "registry+https://github.com/rust-lang/crates.io-index"
checksum = "5444c27eef6923071f7ebcc33e3444508466a76f7a2b93da00ed6e19f30c1ddb"
dependencies = [
 "windows-sys",
]

[[package]]
name = "human_format"
version = "1.0.3"
source = "registry+https://github.com/rust-lang/crates.io-index"
checksum = "86cce260d758a9aa3d7c4b99d55c815a540f8a37514ba6046ab6be402a157cb0"

[[package]]
name = "idna"
version = "0.4.0"
source = "registry+https://github.com/rust-lang/crates.io-index"
checksum = "7d20d6b07bfbc108882d88ed8e37d39636dcc260e15e30c45e6ba089610b917c"
dependencies = [
 "unicode-bidi",
 "unicode-normalization",
]

[[package]]
name = "imara-diff"
version = "0.1.5"
source = "registry+https://github.com/rust-lang/crates.io-index"
checksum = "e98c1d0ad70fc91b8b9654b1f33db55e59579d3b3de2bffdced0fdb810570cb8"
dependencies = [
 "ahash",
 "hashbrown 0.12.3",
]

[[package]]
name = "io-close"
version = "0.3.7"
source = "registry+https://github.com/rust-lang/crates.io-index"
checksum = "9cadcf447f06744f8ce713d2d6239bb5bde2c357a452397a9ed90c625da390bc"
dependencies = [
 "libc",
 "winapi",
]

[[package]]
name = "itoa"
version = "1.0.9"
source = "registry+https://github.com/rust-lang/crates.io-index"
checksum = "af150ab688ff2122fcef229be89cb50dd66af9e01a4ff320cc137eecc9bacc38"

[[package]]
name = "jwalk"
version = "0.8.1"
source = "registry+https://github.com/rust-lang/crates.io-index"
checksum = "2735847566356cd2179a2a38264839308f7079fa96e6bd5a42d740460e003c56"
dependencies = [
 "crossbeam",
 "rayon",
]

[[package]]
name = "libc"
version = "0.2.148"
source = "registry+https://github.com/rust-lang/crates.io-index"
checksum = "9cdc71e17332e86d2e1d38c1f99edcb6288ee11b815fb1a4b049eaa2114d369b"

[[package]]
name = "linux-raw-sys"
version = "0.4.7"
source = "registry+https://github.com/rust-lang/crates.io-index"
checksum = "1a9bad9f94746442c783ca431b22403b519cd7fbeed0533fdd6328b2f2212128"

[[package]]
name = "lock_api"
version = "0.4.10"
source = "registry+https://github.com/rust-lang/crates.io-index"
checksum = "c1cc9717a20b1bb222f333e6a92fd32f7d8a18ddc5a3191a11af45dcbf4dcd16"
dependencies = [
 "autocfg",
 "scopeguard",
]

[[package]]
name = "memchr"
version = "2.6.3"
source = "registry+https://github.com/rust-lang/crates.io-index"
checksum = "8f232d6ef707e1956a43342693d2a31e72989554d58299d7a88738cc95b0d35c"

[[package]]
name = "memmap2"
version = "0.7.1"
source = "registry+https://github.com/rust-lang/crates.io-index"
checksum = "f49388d20533534cd19360ad3d6a7dadc885944aa802ba3995040c5ec11288c6"
dependencies = [
 "libc",
]

[[package]]
name = "memoffset"
version = "0.9.0"
source = "registry+https://github.com/rust-lang/crates.io-index"
checksum = "5a634b1c61a95585bd15607c6ab0c4e5b226e695ff2800ba0cdccddf208c406c"
dependencies = [
 "autocfg",
]

[[package]]
name = "miniz_oxide"
version = "0.7.1"
source = "registry+https://github.com/rust-lang/crates.io-index"
checksum = "e7810e0be55b428ada41041c41f32c9f1a42817901b4ccf45fa3d4b6561e74c7"
dependencies = [
 "adler",
]

[[package]]
name = "num-traits"
version = "0.2.16"
source = "registry+https://github.com/rust-lang/crates.io-index"
checksum = "f30b0abd723be7e2ffca1272140fac1a2f084c77ec3e123c192b66af1ee9e6c2"
dependencies = [
 "autocfg",
]

[[package]]
name = "num_threads"
version = "0.1.6"
source = "registry+https://github.com/rust-lang/crates.io-index"
checksum = "2819ce041d2ee131036f4fc9d6ae7ae125a3a40e97ba64d04fe799ad9dabbb44"
dependencies = [
 "libc",
]

[[package]]
name = "once_cell"
version = "1.18.0"
source = "registry+https://github.com/rust-lang/crates.io-index"
checksum = "dd8b5dd2ae5ed71462c540258bedcb51965123ad7e7ccf4b9a8cafaa4a63576d"

[[package]]
name = "parking_lot"
version = "0.12.1"
source = "registry+https://github.com/rust-lang/crates.io-index"
checksum = "3742b2c103b9f06bc9fff0a37ff4912935851bee6d36f3c02bcc755bcfec228f"
dependencies = [
 "lock_api",
 "parking_lot_core",
]

[[package]]
name = "parking_lot_core"
version = "0.9.8"
source = "registry+https://github.com/rust-lang/crates.io-index"
checksum = "93f00c865fe7cabf650081affecd3871070f26767e7b2070a3ffae14c654b447"
dependencies = [
 "cfg-if",
 "libc",
 "redox_syscall",
 "smallvec",
 "windows-targets",
]

[[package]]
name = "percent-encoding"
version = "2.3.0"
source = "registry+https://github.com/rust-lang/crates.io-index"
checksum = "9b2a4787296e9989611394c33f193f676704af1686e70b8f8033ab5ba9a35a94"

[[package]]
name = "proc-macro2"
version = "1.0.67"
source = "registry+https://github.com/rust-lang/crates.io-index"
checksum = "3d433d9f1a3e8c1263d9456598b16fec66f4acc9a74dacffd35c7bb09b3a1328"
dependencies = [
 "unicode-ident",
]

[[package]]
name = "prodash"
version = "26.2.2"
source = "registry+https://github.com/rust-lang/crates.io-index"
checksum = "794b5bf8e2d19b53dcdcec3e4bba628e20f5b6062503ba89281fa7037dd7bbcf"
dependencies = [
 "bytesize",
 "human_format",
]

[[package]]
name = "quote"
version = "1.0.33"
source = "registry+https://github.com/rust-lang/crates.io-index"
checksum = "5267fca4496028628a95160fc423a33e8b2e6af8a5302579e322e4b520293cae"
dependencies = [
 "proc-macro2",
]

[[package]]
name = "rayon"
version = "1.8.0"
source = "registry+https://github.com/rust-lang/crates.io-index"
checksum = "9c27db03db7734835b3f53954b534c91069375ce6ccaa2e065441e07d9b6cdb1"
dependencies = [
 "either",
 "rayon-core",
]

[[package]]
name = "rayon-core"
version = "1.12.0"
source = "registry+https://github.com/rust-lang/crates.io-index"
checksum = "5ce3fb6ad83f861aac485e76e1985cd109d9a3713802152be56c3b1f0e0658ed"
dependencies = [
 "crossbeam-deque",
 "crossbeam-utils",
]

[[package]]
name = "redox_syscall"
version = "0.3.5"
source = "registry+https://github.com/rust-lang/crates.io-index"
checksum = "567664f262709473930a4bf9e51bf2ebf3348f2e748ccc50dea20646858f8f29"
dependencies = [
 "bitflags 1.3.2",
]

[[package]]
name = "regex"
version = "1.9.5"
source = "registry+https://github.com/rust-lang/crates.io-index"
checksum = "697061221ea1b4a94a624f67d0ae2bfe4e22b8a17b6a192afb11046542cc8c47"
dependencies = [
 "aho-corasick",
 "memchr",
 "regex-automata",
 "regex-syntax",
]

[[package]]
name = "regex-automata"
version = "0.3.8"
source = "registry+https://github.com/rust-lang/crates.io-index"
checksum = "c2f401f4955220693b56f8ec66ee9c78abffd8d1c4f23dc41a23839eb88f0795"
dependencies = [
 "aho-corasick",
 "memchr",
 "regex-syntax",
]

[[package]]
name = "regex-syntax"
version = "0.7.5"
source = "registry+https://github.com/rust-lang/crates.io-index"
checksum = "dbb5fb1acd8a1a18b3dd5be62d25485eb770e05afb408a9627d14d451bae12da"

[[package]]
name = "rustix"
version = "0.38.14"
source = "registry+https://github.com/rust-lang/crates.io-index"
checksum = "747c788e9ce8e92b12cd485c49ddf90723550b654b32508f979b71a7b1ecda4f"
dependencies = [
 "bitflags 2.4.0",
 "errno",
 "libc",
 "linux-raw-sys",
 "windows-sys",
]

[[package]]
name = "same-file"
version = "1.0.6"
source = "registry+https://github.com/rust-lang/crates.io-index"
checksum = "93fc1dc3aaa9bfed95e02e6eadabb4baf7e3078b0bd1b4d7b6b0b68378900502"
dependencies = [
 "winapi-util",
]

[[package]]
name = "scopeguard"
version = "1.2.0"
source = "registry+https://github.com/rust-lang/crates.io-index"
checksum = "94143f37725109f92c262ed2cf5e59bce7498c01bcc1502d7b9afe439a4e9f49"

[[package]]
name = "serde"
version = "1.0.188"
source = "registry+https://github.com/rust-lang/crates.io-index"
checksum = "cf9e0fcba69a370eed61bcf2b728575f726b50b55cba78064753d708ddc7549e"
dependencies = [
 "serde_derive",
]

[[package]]
name = "serde_derive"
version = "1.0.188"
source = "registry+https://github.com/rust-lang/crates.io-index"
checksum = "4eca7ac642d82aa35b60049a6eccb4be6be75e599bd2e9adb5f875a737654af2"
dependencies = [
 "proc-macro2",
 "quote",
 "syn",
]

[[package]]
name = "sha1_smol"
version = "1.0.0"
source = "registry+https://github.com/rust-lang/crates.io-index"
checksum = "ae1a47186c03a32177042e55dbc5fd5aee900b8e0069a8d70fba96a9375cd012"

[[package]]
name = "signal-hook"
version = "0.3.17"
source = "registry+https://github.com/rust-lang/crates.io-index"
checksum = "8621587d4798caf8eb44879d42e56b9a93ea5dcd315a6487c357130095b62801"
dependencies = [
 "libc",
 "signal-hook-registry",
]

[[package]]
name = "signal-hook-registry"
version = "1.4.1"
source = "registry+https://github.com/rust-lang/crates.io-index"
checksum = "d8229b473baa5980ac72ef434c4415e70c4b5e71b423043adb4ba059f89c99a1"
dependencies = [
 "libc",
]

[[package]]
name = "smallvec"
version = "1.11.1"
source = "registry+https://github.com/rust-lang/crates.io-index"
checksum = "942b4a808e05215192e39f4ab80813e599068285906cc91aa64f923db842bd5a"

[[package]]
name = "syn"
version = "2.0.37"
source = "registry+https://github.com/rust-lang/crates.io-index"
checksum = "7303ef2c05cd654186cb250d29049a24840ca25d2747c25c0381c8d9e2f582e8"
dependencies = [
 "proc-macro2",
 "quote",
 "unicode-ident",
]

[[package]]
name = "tempfile"
version = "3.8.0"
source = "registry+https://github.com/rust-lang/crates.io-index"
checksum = "cb94d2f3cc536af71caac6b6fcebf65860b347e7ce0cc9ebe8f70d3e521054ef"
dependencies = [
 "cfg-if",
 "fastrand",
 "redox_syscall",
 "rustix",
 "windows-sys",
]

[[package]]
name = "thiserror"
version = "1.0.48"
source = "registry+https://github.com/rust-lang/crates.io-index"
checksum = "9d6d7a740b8a666a7e828dd00da9c0dc290dff53154ea77ac109281de90589b7"
dependencies = [
 "thiserror-impl",
]

[[package]]
name = "thiserror-impl"
version = "1.0.48"
source = "registry+https://github.com/rust-lang/crates.io-index"
checksum = "49922ecae66cc8a249b77e68d1d0623c1b2c514f0060c27cdc68bd62a1219d35"
dependencies = [
 "proc-macro2",
 "quote",
 "syn",
]

[[package]]
name = "time"
version = "0.3.29"
source = "registry+https://github.com/rust-lang/crates.io-index"
checksum = "426f806f4089c493dcac0d24c29c01e2c38baf8e30f1b716ee37e83d200b18fe"
dependencies = [
 "deranged",
 "itoa",
 "libc",
 "num_threads",
 "serde",
 "time-core",
 "time-macros",
]

[[package]]
name = "time-core"
version = "0.1.2"
source = "registry+https://github.com/rust-lang/crates.io-index"
checksum = "ef927ca75afb808a4d64dd374f00a2adf8d0fcff8e7b184af886c3c87ec4a3f3"

[[package]]
name = "time-macros"
version = "0.2.15"
source = "registry+https://github.com/rust-lang/crates.io-index"
checksum = "4ad70d68dba9e1f8aceda7aa6711965dfec1cac869f311a51bd08b3a2ccbce20"
dependencies = [
 "time-core",
]

[[package]]
name = "tinyvec"
version = "1.6.0"
source = "registry+https://github.com/rust-lang/crates.io-index"
checksum = "87cc5ceb3875bb20c2890005a4e226a4651264a5c75edb2421b52861a0a0cb50"
dependencies = [
 "tinyvec_macros",
]

[[package]]
name = "tinyvec_macros"
version = "0.1.1"
source = "registry+https://github.com/rust-lang/crates.io-index"
checksum = "1f3ccbac311fea05f86f61904b462b55fb3df8837a366dfc601a0161d0532f20"

[[package]]
name = "uluru"
version = "3.0.0"
source = "registry+https://github.com/rust-lang/crates.io-index"
checksum = "794a32261a1f5eb6a4462c81b59cec87b5c27d5deea7dd1ac8fc781c41d226db"
dependencies = [
 "arrayvec",
]

[[package]]
name = "unicode-bidi"
version = "0.3.13"
source = "registry+https://github.com/rust-lang/crates.io-index"
checksum = "92888ba5573ff080736b3648696b70cafad7d250551175acbaa4e0385b3e1460"

[[package]]
name = "unicode-bom"
version = "2.0.2"
source = "registry+https://github.com/rust-lang/crates.io-index"
checksum = "98e90c70c9f0d4d1ee6d0a7d04aa06cb9bbd53d8cfbdd62a0269a7c2eb640552"

[[package]]
name = "unicode-ident"
version = "1.0.12"
source = "registry+https://github.com/rust-lang/crates.io-index"
checksum = "3354b9ac3fae1ff6755cb6db53683adb661634f67557942dea4facebec0fee4b"

[[package]]
name = "unicode-normalization"
version = "0.1.22"
source = "registry+https://github.com/rust-lang/crates.io-index"
checksum = "5c5713f0fc4b5db668a2ac63cdb7bb4469d8c9fed047b1d0292cc7b0ce2ba921"
dependencies = [
 "tinyvec",
]

[[package]]
name = "url"
version = "2.4.1"
source = "registry+https://github.com/rust-lang/crates.io-index"
checksum = "143b538f18257fac9cad154828a57c6bf5157e1aa604d4816b5995bf6de87ae5"
dependencies = [
 "form_urlencoded",
 "idna",
 "percent-encoding",
]

[[package]]
name = "version_check"
version = "0.9.4"
source = "registry+https://github.com/rust-lang/crates.io-index"
checksum = "49874b5167b65d7193b8aba1567f5c7d93d001cafc34600cee003eda787e483f"

[[package]]
name = "walkdir"
version = "2.4.0"
source = "registry+https://github.com/rust-lang/crates.io-index"
checksum = "d71d857dc86794ca4c280d616f7da00d2dbfd8cd788846559a6813e6aa4b54ee"
dependencies = [
 "same-file",
 "winapi-util",
]

[[package]]
name = "wasi"
version = "0.11.0+wasi-snapshot-preview1"
source = "registry+https://github.com/rust-lang/crates.io-index"
checksum = "9c8d87e72b64a3b4db28d11ce29237c246188f4f51057d65a7eab63b7987e423"

[[package]]
name = "winapi"
version = "0.3.9"
source = "registry+https://github.com/rust-lang/crates.io-index"
checksum = "5c839a674fcd7a98952e593242ea400abe93992746761e38641405d28b00f419"
dependencies = [
 "winapi-i686-pc-windows-gnu",
 "winapi-x86_64-pc-windows-gnu",
]

[[package]]
name = "winapi-i686-pc-windows-gnu"
version = "0.4.0"
source = "registry+https://github.com/rust-lang/crates.io-index"
checksum = "ac3b87c63620426dd9b991e5ce0329eff545bccbbb34f3be09ff6fb6ab51b7b6"

[[package]]
name = "winapi-util"
version = "0.1.6"
source = "registry+https://github.com/rust-lang/crates.io-index"
checksum = "f29e6f9198ba0d26b4c9f07dbe6f9ed633e1f3d5b8b414090084349e46a52596"
dependencies = [
 "winapi",
]

[[package]]
name = "winapi-x86_64-pc-windows-gnu"
version = "0.4.0"
source = "registry+https://github.com/rust-lang/crates.io-index"
checksum = "712e227841d057c1ee1cd2fb22fa7e5a5461ae8e48fa2ca79ec42cfc1931183f"

[[package]]
name = "windows"
version = "0.48.0"
source = "registry+https://github.com/rust-lang/crates.io-index"
checksum = "e686886bc078bc1b0b600cac0147aadb815089b6e4da64016cbd754b6342700f"
dependencies = [
 "windows-targets",
]

[[package]]
name = "windows-sys"
version = "0.48.0"
source = "registry+https://github.com/rust-lang/crates.io-index"
checksum = "677d2418bec65e3338edb076e806bc1ec15693c5d0104683f2efe857f61056a9"
dependencies = [
 "windows-targets",
]

[[package]]
name = "windows-targets"
version = "0.48.5"
source = "registry+https://github.com/rust-lang/crates.io-index"
checksum = "9a2fa6e2155d7247be68c096456083145c183cbbbc2764150dda45a87197940c"
dependencies = [
 "windows_aarch64_gnullvm",
 "windows_aarch64_msvc",
 "windows_i686_gnu",
 "windows_i686_msvc",
 "windows_x86_64_gnu",
 "windows_x86_64_gnullvm",
 "windows_x86_64_msvc",
]

[[package]]
name = "windows_aarch64_gnullvm"
version = "0.48.5"
source = "registry+https://github.com/rust-lang/crates.io-index"
checksum = "2b38e32f0abccf9987a4e3079dfb67dcd799fb61361e53e2882c3cbaf0d905d8"

[[package]]
name = "windows_aarch64_msvc"
version = "0.48.5"
source = "registry+https://github.com/rust-lang/crates.io-index"
checksum = "dc35310971f3b2dbbf3f0690a219f40e2d9afcf64f9ab7cc1be722937c26b4bc"

[[package]]
name = "windows_i686_gnu"
version = "0.48.5"
source = "registry+https://github.com/rust-lang/crates.io-index"
checksum = "a75915e7def60c94dcef72200b9a8e58e5091744960da64ec734a6c6e9b3743e"

[[package]]
name = "windows_i686_msvc"
version = "0.48.5"
source = "registry+https://github.com/rust-lang/crates.io-index"
checksum = "8f55c233f70c4b27f66c523580f78f1004e8b5a8b659e05a4eb49d4166cca406"

[[package]]
name = "windows_x86_64_gnu"
version = "0.48.5"
source = "registry+https://github.com/rust-lang/crates.io-index"
checksum = "53d40abd2583d23e4718fddf1ebec84dbff8381c07cae67ff7768bbf19c6718e"

[[package]]
name = "windows_x86_64_gnullvm"
version = "0.48.5"
source = "registry+https://github.com/rust-lang/crates.io-index"
checksum = "0b7b52767868a23d5bab768e390dc5f5c55825b6d30b86c844ff2dc7414044cc"

[[package]]
name = "windows_x86_64_msvc"
version = "0.48.5"
source = "registry+https://github.com/rust-lang/crates.io-index"
checksum = "ed94fce61571a4006852b7389a063ab983c02eb1bb37b47f8272ce92d06d9538"

[[package]]
name = "winnow"
version = "0.5.15"
source = "registry+https://github.com/rust-lang/crates.io-index"
checksum = "7c2e3184b9c4e92ad5167ca73039d0c42476302ab603e2fec4487511f38ccefc"
dependencies = [
 "memchr",
]
